
Microsoft Visual Studio Solution File, Format Version 12.00
# Visual Studio 2012
Project("{FAE04EC0-301F-11D3-BF4B-00C04F79EFBC}") = "NDiffStatLib", "Lib\NDiffStatLib.csproj", "{2CF2AF5D-1A03-4054-8A57-27468685858D}"
EndProject
Project("{FAE04EC0-301F-11D3-BF4B-00C04F79EFBC}") = "ConsoleApp", "ConsoleApp\ConsoleApp.csproj", "{0890019F-ABBE-4907-BD72-4ADB71D8D51D}"
EndProject
Project("{FAE04EC0-301F-11D3-BF4B-00C04F79EFBC}") = "TestProject", "TestProject\TestProject.csproj", "{8344C648-F267-48EF-8E01-E4B20CAAF220}"
EndProject
Project("{2150E333-8FDC-42A3-9474-1A3956D46DE8}") = "Solution Items", "Solution Items", "{10816A1F-9F0B-4740-9144-62486C83333C}"
	ProjectSection(SolutionItems) = preProject
		Local.testsettings = Local.testsettings
		NDiffStat.vsmdi = NDiffStat.vsmdi
		TraceAndTestImpact.testsettings = TraceAndTestImpact.testsettings
	EndProjectSection
EndProject
Global
	GlobalSection(TestCaseManagementSettings) = postSolution
		CategoryFile = NDiffStat.vsmdi
	EndGlobalSection
	GlobalSection(SolutionConfigurationPlatforms) = preSolution
		Debug|Any CPU = Debug|Any CPU
		Release|Any CPU = Release|Any CPU
	EndGlobalSection
	GlobalSection(ProjectConfigurationPlatforms) = postSolution
		{2CF2AF5D-1A03-4054-8A57-27468685858D}.Debug|Any CPU.ActiveCfg = Debug|Any CPU
		{2CF2AF5D-1A03-4054-8A57-27468685858D}.Debug|Any CPU.Build.0 = Debug|Any CPU
		{2CF2AF5D-1A03-4054-8A57-27468685858D}.Release|Any CPU.ActiveCfg = Release|Any CPU
		{2CF2AF5D-1A03-4054-8A57-27468685858D}.Release|Any CPU.Build.0 = Release|Any CPU
		{0890019F-ABBE-4907-BD72-4ADB71D8D51D}.Debug|Any CPU.ActiveCfg = Debug|Any CPU
		{0890019F-ABBE-4907-BD72-4ADB71D8D51D}.Release|Any CPU.ActiveCfg = Release|Any CPU
		{0890019F-ABBE-4907-BD72-4ADB71D8D51D}.Release|Any CPU.Build.0 = Release|Any CPU
		{8344C648-F267-48EF-8E01-E4B20CAAF220}.Debug|Any CPU.ActiveCfg = Debug|Any CPU
		{8344C648-F267-48EF-8E01-E4B20CAAF220}.Debug|Any CPU.Build.0 = Debug|Any CPU
		{8344C648-F267-48EF-8E01-E4B20CAAF220}.Release|Any CPU.ActiveCfg = Release|Any CPU
		{8344C648-F267-48EF-8E01-E4B20CAAF220}.Release|Any CPU.Build.0 = Release|Any CPU
	EndGlobalSection
	GlobalSection(SolutionProperties) = preSolution
		HideSolutionNode = FALSE
	EndGlobalSection
EndGlobal
